
Microsoft Visual Studio Solution File, Format Version 12.00
# Visual Studio 15
VisualStudioVersion = 15.0.26124.0
MinimumVisualStudioVersion = 15.0.26124.0
Project("{FAE04EC0-301F-11D3-BF4B-00C04F79EFBC}") = "Domain", "Domain\Domain.csproj", "{FEAA95F4-36FE-4455-80C7-78FC6D2E5567}"
EndProject
Project("{FAE04EC0-301F-11D3-BF4B-00C04F79EFBC}") = "Persistence", "Persistence\Persistence.csproj", "{87E1E000-3C50-4C01-AE00-DF28636E494B}"
EndProject
Project("{FAE04EC0-301F-11D3-BF4B-00C04F79EFBC}") = "Application", "Application\Application.csproj", "{787AFE36-99CD-4018-A411-F3A51FC00066}"
EndProject
Project("{FAE04EC0-301F-11D3-BF4B-00C04F79EFBC}") = "API", "API\API.csproj", "{BAAEAD05-1F37-4F15-A633-3592B95C7364}"
EndProject
Global
	GlobalSection(SolutionConfigurationPlatforms) = preSolution
		Debug|Any CPU = Debug|Any CPU
		Debug|x64 = Debug|x64
		Debug|x86 = Debug|x86
		Release|Any CPU = Release|Any CPU
		Release|x64 = Release|x64
		Release|x86 = Release|x86
	EndGlobalSection
	GlobalSection(SolutionProperties) = preSolution
		HideSolutionNode = FALSE
	EndGlobalSection
	GlobalSection(ProjectConfigurationPlatforms) = postSolution
		{FEAA95F4-36FE-4455-80C7-78FC6D2E5567}.Debug|Any CPU.ActiveCfg = Debug|Any CPU
		{FEAA95F4-36FE-4455-80C7-78FC6D2E5567}.Debug|Any CPU.Build.0 = Debug|Any CPU
		{FEAA95F4-36FE-4455-80C7-78FC6D2E5567}.Debug|x64.ActiveCfg = Debug|Any CPU
		{FEAA95F4-36FE-4455-80C7-78FC6D2E5567}.Debug|x64.Build.0 = Debug|Any CPU
		{FEAA95F4-36FE-4455-80C7-78FC6D2E5567}.Debug|x86.ActiveCfg = Debug|Any CPU
		{FEAA95F4-36FE-4455-80C7-78FC6D2E5567}.Debug|x86.Build.0 = Debug|Any CPU
		{FEAA95F4-36FE-4455-80C7-78FC6D2E5567}.Release|Any CPU.ActiveCfg = Release|Any CPU
		{FEAA95F4-36FE-4455-80C7-78FC6D2E5567}.Release|Any CPU.Build.0 = Release|Any CPU
		{FEAA95F4-36FE-4455-80C7-78FC6D2E5567}.Release|x64.ActiveCfg = Release|Any CPU
		{FEAA95F4-36FE-4455-80C7-78FC6D2E5567}.Release|x64.Build.0 = Release|Any CPU
		{FEAA95F4-36FE-4455-80C7-78FC6D2E5567}.Release|x86.ActiveCfg = Release|Any CPU
		{FEAA95F4-36FE-4455-80C7-78FC6D2E5567}.Release|x86.Build.0 = Release|Any CPU
		{87E1E000-3C50-4C01-AE00-DF28636E494B}.Debug|Any CPU.ActiveCfg = Debug|Any CPU
		{87E1E000-3C50-4C01-AE00-DF28636E494B}.Debug|Any CPU.Build.0 = Debug|Any CPU
		{87E1E000-3C50-4C01-AE00-DF28636E494B}.Debug|x64.ActiveCfg = Debug|Any CPU
		{87E1E000-3C50-4C01-AE00-DF28636E494B}.Debug|x64.Build.0 = Debug|Any CPU
		{87E1E000-3C50-4C01-AE00-DF28636E494B}.Debug|x86.ActiveCfg = Debug|Any CPU
		{87E1E000-3C50-4C01-AE00-DF28636E494B}.Debug|x86.Build.0 = Debug|Any CPU
		{87E1E000-3C50-4C01-AE00-DF28636E494B}.Release|Any CPU.ActiveCfg = Release|Any CPU
		{87E1E000-3C50-4C01-AE00-DF28636E494B}.Release|Any CPU.Build.0 = Release|Any CPU
		{87E1E000-3C50-4C01-AE00-DF28636E494B}.Release|x64.ActiveCfg = Release|Any CPU
		{87E1E000-3C50-4C01-AE00-DF28636E494B}.Release|x64.Build.0 = Release|Any CPU
		{87E1E000-3C50-4C01-AE00-DF28636E494B}.Release|x86.ActiveCfg = Release|Any CPU
		{87E1E000-3C50-4C01-AE00-DF28636E494B}.Release|x86.Build.0 = Release|Any CPU
		{787AFE36-99CD-4018-A411-F3A51FC00066}.Debug|Any CPU.ActiveCfg = Debug|Any CPU
		{787AFE36-99CD-4018-A411-F3A51FC00066}.Debug|Any CPU.Build.0 = Debug|Any CPU
		{787AFE36-99CD-4018-A411-F3A51FC00066}.Debug|x64.ActiveCfg = Debug|Any CPU
		{787AFE36-99CD-4018-A411-F3A51FC00066}.Debug|x64.Build.0 = Debug|Any CPU
		{787AFE36-99CD-4018-A411-F3A51FC00066}.Debug|x86.ActiveCfg = Debug|Any CPU
		{787AFE36-99CD-4018-A411-F3A51FC00066}.Debug|x86.Build.0 = Debug|Any CPU
		{787AFE36-99CD-4018-A411-F3A51FC00066}.Release|Any CPU.ActiveCfg = Release|Any CPU
		{787AFE36-99CD-4018-A411-F3A51FC00066}.Release|Any CPU.Build.0 = Release|Any CPU
		{787AFE36-99CD-4018-A411-F3A51FC00066}.Release|x64.ActiveCfg = Release|Any CPU
		{787AFE36-99CD-4018-A411-F3A51FC00066}.Release|x64.Build.0 = Release|Any CPU
		{787AFE36-99CD-4018-A411-F3A51FC00066}.Release|x86.ActiveCfg = Release|Any CPU
		{787AFE36-99CD-4018-A411-F3A51FC00066}.Release|x86.Build.0 = Release|Any CPU
		{BAAEAD05-1F37-4F15-A633-3592B95C7364}.Debug|Any CPU.ActiveCfg = Debug|Any CPU
		{BAAEAD05-1F37-4F15-A633-3592B95C7364}.Debug|Any CPU.Build.0 = Debug|Any CPU
		{BAAEAD05-1F37-4F15-A633-3592B95C7364}.Debug|x64.ActiveCfg = Debug|Any CPU
		{BAAEAD05-1F37-4F15-A633-3592B95C7364}.Debug|x64.Build.0 = Debug|Any CPU
		{BAAEAD05-1F37-4F15-A633-3592B95C7364}.Debug|x86.ActiveCfg = Debug|Any CPU
		{BAAEAD05-1F37-4F15-A633-3592B95C7364}.Debug|x86.Build.0 = Debug|Any CPU
		{BAAEAD05-1F37-4F15-A633-3592B95C7364}.Release|Any CPU.ActiveCfg = Release|Any CPU
		{BAAEAD05-1F37-4F15-A633-3592B95C7364}.Release|Any CPU.Build.0 = Release|Any CPU
		{BAAEAD05-1F37-4F15-A633-3592B95C7364}.Release|x64.ActiveCfg = Release|Any CPU
		{BAAEAD05-1F37-4F15-A633-3592B95C7364}.Release|x64.Build.0 = Release|Any CPU
		{BAAEAD05-1F37-4F15-A633-3592B95C7364}.Release|x86.ActiveCfg = Release|Any CPU
		{BAAEAD05-1F37-4F15-A633-3592B95C7364}.Release|x86.Build.0 = Release|Any CPU
	EndGlobalSection
EndGlobal
